
Microsoft Visual Studio Solution File, Format Version 12.00
# Visual Studio Version 17
VisualStudioVersion = 17.6.33723.286
MinimumVisualStudioVersion = 10.0.40219.1
Project("{9A19103F-16F7-4668-BE54-9A1E7A4F7556}") = "MeasurementsWebAPI", "MeasurementsWebAPI.csproj", "{CBECADC6-A69F-4FA4-B3D4-694E2B3E98B5}"
EndProject
Project("{8BC9CEB8-8B4A-11D0-8D11-00A0C91BC942}") = "MeasurementsDLL", "..\MeasurementsDLL\MeasurementsDLL.vcxproj", "{2D8C76F9-C42F-450B-BAD8-8F00E458D541}"
EndProject
Project("{9A19103F-16F7-4668-BE54-9A1E7A4F7556}") = "MeasurementsUI", "..\MeasurementsUI\MeasurementsUI.csproj", "{C049A461-022B-4102-9FE8-AEAC2DBF50DB}"
EndProject
Project("{9A19103F-16F7-4668-BE54-9A1E7A4F7556}") = "MeasurementsModels", "..\MeasurementsModels\MeasurementsModels.csproj", "{7640A5EE-FE36-4CEA-BEFE-9882D28F100A}"
EndProject
Global
	GlobalSection(SolutionConfigurationPlatforms) = preSolution
		Debug|Any CPU = Debug|Any CPU
		Debug|x64 = Debug|x64
		Debug|x86 = Debug|x86
		Release|Any CPU = Release|Any CPU
		Release|x64 = Release|x64
		Release|x86 = Release|x86
	EndGlobalSection
	GlobalSection(ProjectConfigurationPlatforms) = postSolution
		{CBECADC6-A69F-4FA4-B3D4-694E2B3E98B5}.Debug|Any CPU.ActiveCfg = Debug|Any CPU
		{CBECADC6-A69F-4FA4-B3D4-694E2B3E98B5}.Debug|Any CPU.Build.0 = Debug|Any CPU
		{CBECADC6-A69F-4FA4-B3D4-694E2B3E98B5}.Debug|x64.ActiveCfg = Debug|Any CPU
		{CBECADC6-A69F-4FA4-B3D4-694E2B3E98B5}.Debug|x64.Build.0 = Debug|Any CPU
		{CBECADC6-A69F-4FA4-B3D4-694E2B3E98B5}.Debug|x86.ActiveCfg = Debug|Any CPU
		{CBECADC6-A69F-4FA4-B3D4-694E2B3E98B5}.Debug|x86.Build.0 = Debug|Any CPU
		{CBECADC6-A69F-4FA4-B3D4-694E2B3E98B5}.Release|Any CPU.ActiveCfg = Release|Any CPU
		{CBECADC6-A69F-4FA4-B3D4-694E2B3E98B5}.Release|Any CPU.Build.0 = Release|Any CPU
		{CBECADC6-A69F-4FA4-B3D4-694E2B3E98B5}.Release|x64.ActiveCfg = Release|Any CPU
		{CBECADC6-A69F-4FA4-B3D4-694E2B3E98B5}.Release|x64.Build.0 = Release|Any CPU
		{CBECADC6-A69F-4FA4-B3D4-694E2B3E98B5}.Release|x86.ActiveCfg = Release|Any CPU
		{CBECADC6-A69F-4FA4-B3D4-694E2B3E98B5}.Release|x86.Build.0 = Release|Any CPU
		{2D8C76F9-C42F-450B-BAD8-8F00E458D541}.Debug|Any CPU.ActiveCfg = Debug|x64
		{2D8C76F9-C42F-450B-BAD8-8F00E458D541}.Debug|Any CPU.Build.0 = Debug|x64
		{2D8C76F9-C42F-450B-BAD8-8F00E458D541}.Debug|x64.ActiveCfg = Debug|x64
		{2D8C76F9-C42F-450B-BAD8-8F00E458D541}.Debug|x64.Build.0 = Debug|x64
		{2D8C76F9-C42F-450B-BAD8-8F00E458D541}.Debug|x86.ActiveCfg = Debug|Win32
		{2D8C76F9-C42F-450B-BAD8-8F00E458D541}.Debug|x86.Build.0 = Debug|Win32
		{2D8C76F9-C42F-450B-BAD8-8F00E458D541}.Release|Any CPU.ActiveCfg = Release|x64
		{2D8C76F9-C42F-450B-BAD8-8F00E458D541}.Release|Any CPU.Build.0 = Release|x64
		{2D8C76F9-C42F-450B-BAD8-8F00E458D541}.Release|x64.ActiveCfg = Release|x64
		{2D8C76F9-C42F-450B-BAD8-8F00E458D541}.Release|x64.Build.0 = Release|x64
		{2D8C76F9-C42F-450B-BAD8-8F00E458D541}.Release|x86.ActiveCfg = Release|Win32
		{2D8C76F9-C42F-450B-BAD8-8F00E458D541}.Release|x86.Build.0 = Release|Win32
		{C049A461-022B-4102-9FE8-AEAC2DBF50DB}.Debug|Any CPU.ActiveCfg = Debug|Any CPU
		{C049A461-022B-4102-9FE8-AEAC2DBF50DB}.Debug|Any CPU.Build.0 = Debug|Any CPU
		{C049A461-022B-4102-9FE8-AEAC2DBF50DB}.Debug|x64.ActiveCfg = Debug|Any CPU
		{C049A461-022B-4102-9FE8-AEAC2DBF50DB}.Debug|x64.Build.0 = Debug|Any CPU
		{C049A461-022B-4102-9FE8-AEAC2DBF50DB}.Debug|x86.ActiveCfg = Debug|Any CPU
		{C049A461-022B-4102-9FE8-AEAC2DBF50DB}.Debug|x86.Build.0 = Debug|Any CPU
		{C049A461-022B-4102-9FE8-AEAC2DBF50DB}.Release|Any CPU.ActiveCfg = Release|Any CPU
		{C049A461-022B-4102-9FE8-AEAC2DBF50DB}.Release|Any CPU.Build.0 = Release|Any CPU
		{C049A461-022B-4102-9FE8-AEAC2DBF50DB}.Release|x64.ActiveCfg = Release|Any CPU
		{C049A461-022B-4102-9FE8-AEAC2DBF50DB}.Release|x64.Build.0 = Release|Any CPU
		{C049A461-022B-4102-9FE8-AEAC2DBF50DB}.Release|x86.ActiveCfg = Release|Any CPU
		{C049A461-022B-4102-9FE8-AEAC2DBF50DB}.Release|x86.Build.0 = Release|Any CPU
		{7640A5EE-FE36-4CEA-BEFE-9882D28F100A}.Debug|Any CPU.ActiveCfg = Debug|Any CPU
		{7640A5EE-FE36-4CEA-BEFE-9882D28F100A}.Debug|Any CPU.Build.0 = Debug|Any CPU
		{7640A5EE-FE36-4CEA-BEFE-9882D28F100A}.Debug|x64.ActiveCfg = Debug|Any CPU
		{7640A5EE-FE36-4CEA-BEFE-9882D28F100A}.Debug|x64.Build.0 = Debug|Any CPU
		{7640A5EE-FE36-4CEA-BEFE-9882D28F100A}.Debug|x86.ActiveCfg = Debug|Any CPU
		{7640A5EE-FE36-4CEA-BEFE-9882D28F100A}.Debug|x86.Build.0 = Debug|Any CPU
		{7640A5EE-FE36-4CEA-BEFE-9882D28F100A}.Release|Any CPU.ActiveCfg = Release|Any CPU
		{7640A5EE-FE36-4CEA-BEFE-9882D28F100A}.Release|Any CPU.Build.0 = Release|Any CPU
		{7640A5EE-FE36-4CEA-BEFE-9882D28F100A}.Release|x64.ActiveCfg = Release|Any CPU
		{7640A5EE-FE36-4CEA-BEFE-9882D28F100A}.Release|x64.Build.0 = Release|Any CPU
		{7640A5EE-FE36-4CEA-BEFE-9882D28F100A}.Release|x86.ActiveCfg = Release|Any CPU
		{7640A5EE-FE36-4CEA-BEFE-9882D28F100A}.Release|x86.Build.0 = Release|Any CPU
	EndGlobalSection
	GlobalSection(SolutionProperties) = preSolution
		HideSolutionNode = FALSE
	EndGlobalSection
	GlobalSection(ExtensibilityGlobals) = postSolution
		SolutionGuid = {35E666B6-3568-415C-94A5-25B7F1506000}
	EndGlobalSection
EndGlobal
